lock_version=1
wari_version=0.3.0
frankenphp_version=1.12.7
composer_version=2.8.11
linux_build=static
wari_sha256=f846ed4e50f207c55a3169ae86cf87cbae4e4a1cc307df8f49590430ac43aa6c
composer_installer_sha384=c8b085408188070d5f52bcfe4ecfbee5f727afa458b2573b8eaaf77b3419b0bf2768dc67c86944da1544f06fa544fd47
composer_sha256=257a969e9a9d27e0e45cfe954835c17a76033ba84a388e0f472db83eded65a8b
frankenphp_linux_x86_64_sha256=1a34927ae8f9fe6906a5e4b933fb79fe6f073f646e3516cef85fcb7661820858
frankenphp_linux_arm64_sha256=9e4942097cc53576920e9f097f9f093fde820375fbc67b67f55bfacb361c0992
frankenphp_macos_x86_64_sha256=38d53b0d3cc00b9e0bea501d520285d12a364275333f61416354b032a7f9ab3e
frankenphp_macos_arm64_sha256=3f1630c0101e14cfe62964ad56d4df7532a22ba8855b4f9b8aa5467acc52b94d
