lock_version=1
wari_version=0.2.1
frankenphp_version=1.12.7
composer_version=2.8.11
linux_build=static
wari_sha256=99735caa07a831094e59bd8e7e4485158bd5435aca469ac426da8c5beac4a800
composer_installer_sha384=c8b085408188070d5f52bcfe4ecfbee5f727afa458b2573b8eaaf77b3419b0bf2768dc67c86944da1544f06fa544fd47
composer_sha256=257a969e9a9d27e0e45cfe954835c17a76033ba84a388e0f472db83eded65a8b
frankenphp_linux_x86_64_sha256=3f9a959c266e5fb785b41288fa7c44debc311f9b79d0aa44e6206d81e77072e1
frankenphp_linux_arm64_sha256=a3fc21e69ef26aef6ad2b97a14186c2c1a90b6d746e5511b46d97a69d762a810
frankenphp_macos_x86_64_sha256=207b9dcdfeacb61c59d6d6a4b4289cf16a965129753c738f15668f2bb336c372
frankenphp_macos_arm64_sha256=7c9d4a57d02f9b76ed5a98bfdc4eab08b53badc03b6d2527f009c528240620b1
